
Microsoft Visual Studio Solution File, Format Version 12.00
# Visual Studio Version 17
VisualStudioVersion = 17.7.34031.279
MinimumVisualStudioVersion = 10.0.40219.1
Project("{FAE04EC0-301F-11D3-BF4B-00C04F79EFBC}") = "Teste_Console_Produtos", "Teste_Console_Produtos\Teste_Console_Produtos.csproj", "{032E2F6C-5361-44A4-A3E6-0E2433424298}"
EndProject
Global
	GlobalSection(SolutionConfigurationPlatforms) = preSolution
		Debug|Any CPU = Debug|Any CPU
		Release|Any CPU = Release|Any CPU
	EndGlobalSection
	GlobalSection(ProjectConfigurationPlatforms) = postSolution
		{032E2F6C-5361-44A4-A3E6-0E2433424298}.Debug|Any CPU.ActiveCfg = Debug|Any CPU
		{032E2F6C-5361-44A4-A3E6-0E2433424298}.Debug|Any CPU.Build.0 = Debug|Any CPU
		{032E2F6C-5361-44A4-A3E6-0E2433424298}.Release|Any CPU.ActiveCfg = Release|Any CPU
		{032E2F6C-5361-44A4-A3E6-0E2433424298}.Release|Any CPU.Build.0 = Release|Any CPU
	EndGlobalSection
	GlobalSection(SolutionProperties) = preSolution
		HideSolutionNode = FALSE
	EndGlobalSection
	GlobalSection(ExtensibilityGlobals) = postSolution
		SolutionGuid = {32917A88-96B0-45B5-9B36-16F5420A9DC6}
	EndGlobalSection
EndGlobal
